
Microsoft Visual Studio Solution File, Format Version 12.00
# Visual Studio Version 17
VisualStudioVersion = 17.5.33424.131
MinimumVisualStudioVersion = 10.0.40219.1
Project("{FAE04EC0-301F-11D3-BF4B-00C04F79EFBC}") = "PIC", "PIC\PIC.csproj", "{063F491F-E630-4ADB-BD63-29D667AED988}"
EndProject
Global
	GlobalSection(SolutionConfigurationPlatforms) = preSolution
		Debug|Any CPU = Debug|Any CPU
		Release|Any CPU = Release|Any CPU
	EndGlobalSection
	GlobalSection(ProjectConfigurationPlatforms) = postSolution
		{063F491F-E630-4ADB-BD63-29D667AED988}.Debug|Any CPU.ActiveCfg = Debug|Any CPU
		{063F491F-E630-4ADB-BD63-29D667AED988}.Debug|Any CPU.Build.0 = Debug|Any CPU
		{063F491F-E630-4ADB-BD63-29D667AED988}.Release|Any CPU.ActiveCfg = Release|Any CPU
		{063F491F-E630-4ADB-BD63-29D667AED988}.Release|Any CPU.Build.0 = Release|Any CPU
	EndGlobalSection
	GlobalSection(SolutionProperties) = preSolution
		HideSolutionNode = FALSE
	EndGlobalSection
	GlobalSection(ExtensibilityGlobals) = postSolution
		SolutionGuid = {A2558E3E-E0D8-4C92-90D6-4A787E341668}
	EndGlobalSection
EndGlobal
